
Microsoft Visual Studio Solution File, Format Version 12.00
# Visual Studio 15
VisualStudioVersion = 15.0.27703.2000
MinimumVisualStudioVersion = 10.0.40219.1
Project("{888888A0-9F3D-457C-B088-3A5042F75D52}") = "PythonApplicationX", "PythonApplicationX\PythonApplicationX.pyproj", "{B7D18065-CADA-4C06-ACD3-1EAD16C37C29}"
EndProject
Global
	GlobalSection(SolutionConfigurationPlatforms) = preSolution
		Debug|Any CPU = Debug|Any CPU
		Release|Any CPU = Release|Any CPU
	EndGlobalSection
	GlobalSection(ProjectConfigurationPlatforms) = postSolution
		{B7D18065-CADA-4C06-ACD3-1EAD16C37C29}.Debug|Any CPU.ActiveCfg = Debug|Any CPU
		{B7D18065-CADA-4C06-ACD3-1EAD16C37C29}.Release|Any CPU.ActiveCfg = Release|Any CPU
	EndGlobalSection
	GlobalSection(SolutionProperties) = preSolution
		HideSolutionNode = FALSE
	EndGlobalSection
	GlobalSection(ExtensibilityGlobals) = postSolution
		SolutionGuid = {7356B35C-8892-4394-8EB0-1201537EF726}
	EndGlobalSection
EndGlobal
